
Microsoft Visual Studio Solution File, Format Version 11.00
# Visual Studio 2010
Project("{FAE04EC0-301F-11D3-BF4B-00C04F79EFBC}") = "Assembly-CSharp", "Assembly-CSharp.csproj", "{C2E3025B-09CE-B84D-0AA2-EE7E0499F647}"
EndProject
Project("{FAE04EC0-301F-11D3-BF4B-00C04F79EFBC}") = "Assembly-CSharp-Editor-firstpass", "Assembly-CSharp-Editor-firstpass.csproj", "{8F8F5663-CD49-BC80-A0D7-4ECD9783BAD4}"
EndProject
Global
	GlobalSection(SolutionConfigurationPlatforms) = preSolution
		Debug|Any CPU = Debug|Any CPU
		Release|Any CPU = Release|Any CPU
	EndGlobalSection
	GlobalSection(ProjectConfigurationPlatforms) = postSolution
		{C2E3025B-09CE-B84D-0AA2-EE7E0499F647}.Debug|Any CPU.ActiveCfg = Debug|Any CPU
		{C2E3025B-09CE-B84D-0AA2-EE7E0499F647}.Debug|Any CPU.Build.0 = Debug|Any CPU
		{C2E3025B-09CE-B84D-0AA2-EE7E0499F647}.Release|Any CPU.ActiveCfg = Release|Any CPU
		{C2E3025B-09CE-B84D-0AA2-EE7E0499F647}.Release|Any CPU.Build.0 = Release|Any CPU
		{8F8F5663-CD49-BC80-A0D7-4ECD9783BAD4}.Debug|Any CPU.ActiveCfg = Debug|Any CPU
		{8F8F5663-CD49-BC80-A0D7-4ECD9783BAD4}.Debug|Any CPU.Build.0 = Debug|Any CPU
		{8F8F5663-CD49-BC80-A0D7-4ECD9783BAD4}.Release|Any CPU.ActiveCfg = Release|Any CPU
		{8F8F5663-CD49-BC80-A0D7-4ECD9783BAD4}.Release|Any CPU.Build.0 = Release|Any CPU
	EndGlobalSection
	GlobalSection(SolutionProperties) = preSolution
		HideSolutionNode = FALSE
	EndGlobalSection
	GlobalSection(MonoDevelopProperties) = preSolution
		StartupItem = Assembly-CSharp.csproj
	EndGlobalSection
EndGlobal
